
Microsoft Visual Studio Solution File, Format Version 12.00
# Visual Studio Version 17
VisualStudioVersion = 17.0.31903.59
MinimumVisualStudioVersion = 10.0.40219.1
Project("{2150E333-8FDC-42A3-9474-1A3956D46DE8}") = "backend", "backend", "{1AE8ACA6-933B-BF2A-3671-3E2EAC007D16}"
EndProject
Project("{FAE04EC0-301F-11D3-BF4B-00C04F79EFBC}") = "CabinRent.API", "backend\CabinRent.API\CabinRent.API.csproj", "{D34EE955-5DFA-4700-A111-E958CB704FB6}"
EndProject
Project("{FAE04EC0-301F-11D3-BF4B-00C04F79EFBC}") = "CabinRent.Infrastructure", "backend\CabinRent.Infrastructure\CabinRent.Infrastructure.csproj", "{AAB38CE9-63B6-4161-855B-5595B514942C}"
EndProject
Project("{FAE04EC0-301F-11D3-BF4B-00C04F79EFBC}") = "CabinRent.Model", "backend\CabinRent.Model\CabinRent.Model.csproj", "{A4892556-434C-4DBB-92F6-537048939764}"
EndProject
Project("{FAE04EC0-301F-11D3-BF4B-00C04F79EFBC}") = "CabinRent.Services", "backend\CabinRent.Services\CabinRent.Services.csproj", "{6F769098-CF49-45AD-96A9-916ED313CCB0}"
EndProject
Project("{FAE04EC0-301F-11D3-BF4B-00C04F79EFBC}") = "CabinRent.Notifications", "backend\CabinRent.Notifications\CabinRent.Notifications.csproj", "{09938B60-A050-42AD-8854-273FE62E052F}"
EndProject
Project("{2150E333-8FDC-42A3-9474-1A3956D46DE8}") = "tests", "tests", "{0AB3BF05-4346-4AA6-1389-037BE0695223}"
EndProject
Project("{FAE04EC0-301F-11D3-BF4B-00C04F79EFBC}") = "CabinRent.UnitTests", "tests\CabinRent.UnitTests\CabinRent.UnitTests.csproj", "{2A4C893E-61CB-4377-AEDE-30D49C73762C}"
EndProject
Global
	GlobalSection(SolutionConfigurationPlatforms) = preSolution
		Debug|Any CPU = Debug|Any CPU
		Debug|x64 = Debug|x64
		Debug|x86 = Debug|x86
		Release|Any CPU = Release|Any CPU
		Release|x64 = Release|x64
		Release|x86 = Release|x86
	EndGlobalSection
	GlobalSection(ProjectConfigurationPlatforms) = postSolution
		{D34EE955-5DFA-4700-A111-E958CB704FB6}.Debug|Any CPU.ActiveCfg = Debug|Any CPU
		{D34EE955-5DFA-4700-A111-E958CB704FB6}.Debug|Any CPU.Build.0 = Debug|Any CPU
		{D34EE955-5DFA-4700-A111-E958CB704FB6}.Debug|x64.ActiveCfg = Debug|Any CPU
		{D34EE955-5DFA-4700-A111-E958CB704FB6}.Debug|x64.Build.0 = Debug|Any CPU
		{D34EE955-5DFA-4700-A111-E958CB704FB6}.Debug|x86.ActiveCfg = Debug|Any CPU
		{D34EE955-5DFA-4700-A111-E958CB704FB6}.Debug|x86.Build.0 = Debug|Any CPU
		{D34EE955-5DFA-4700-A111-E958CB704FB6}.Release|Any CPU.ActiveCfg = Release|Any CPU
		{D34EE955-5DFA-4700-A111-E958CB704FB6}.Release|Any CPU.Build.0 = Release|Any CPU
		{D34EE955-5DFA-4700-A111-E958CB704FB6}.Release|x64.ActiveCfg = Release|Any CPU
		{D34EE955-5DFA-4700-A111-E958CB704FB6}.Release|x64.Build.0 = Release|Any CPU
		{D34EE955-5DFA-4700-A111-E958CB704FB6}.Release|x86.ActiveCfg = Release|Any CPU
		{D34EE955-5DFA-4700-A111-E958CB704FB6}.Release|x86.Build.0 = Release|Any CPU
		{AAB38CE9-63B6-4161-855B-5595B514942C}.Debug|Any CPU.ActiveCfg = Debug|Any CPU
		{AAB38CE9-63B6-4161-855B-5595B514942C}.Debug|Any CPU.Build.0 = Debug|Any CPU
		{AAB38CE9-63B6-4161-855B-5595B514942C}.Debug|x64.ActiveCfg = Debug|Any CPU
		{AAB38CE9-63B6-4161-855B-5595B514942C}.Debug|x64.Build.0 = Debug|Any CPU
		{AAB38CE9-63B6-4161-855B-5595B514942C}.Debug|x86.ActiveCfg = Debug|Any CPU
		{AAB38CE9-63B6-4161-855B-5595B514942C}.Debug|x86.Build.0 = Debug|Any CPU
		{AAB38CE9-63B6-4161-855B-5595B514942C}.Release|Any CPU.ActiveCfg = Release|Any CPU
		{AAB38CE9-63B6-4161-855B-5595B514942C}.Release|Any CPU.Build.0 = Release|Any CPU
		{AAB38CE9-63B6-4161-855B-5595B514942C}.Release|x64.ActiveCfg = Release|Any CPU
		{AAB38CE9-63B6-4161-855B-5595B514942C}.Release|x64.Build.0 = Release|Any CPU
		{AAB38CE9-63B6-4161-855B-5595B514942C}.Release|x86.ActiveCfg = Release|Any CPU
		{AAB38CE9-63B6-4161-855B-5595B514942C}.Release|x86.Build.0 = Release|Any CPU
		{A4892556-434C-4DBB-92F6-537048939764}.Debug|Any CPU.ActiveCfg = Debug|Any CPU
		{A4892556-434C-4DBB-92F6-537048939764}.Debug|Any CPU.Build.0 = Debug|Any CPU
		{A4892556-434C-4DBB-92F6-537048939764}.Debug|x64.ActiveCfg = Debug|Any CPU
		{A4892556-434C-4DBB-92F6-537048939764}.Debug|x64.Build.0 = Debug|Any CPU
		{A4892556-434C-4DBB-92F6-537048939764}.Debug|x86.ActiveCfg = Debug|Any CPU
		{A4892556-434C-4DBB-92F6-537048939764}.Debug|x86.Build.0 = Debug|Any CPU
		{A4892556-434C-4DBB-92F6-537048939764}.Release|Any CPU.ActiveCfg = Release|Any CPU
		{A4892556-434C-4DBB-92F6-537048939764}.Release|Any CPU.Build.0 = Release|Any CPU
		{A4892556-434C-4DBB-92F6-537048939764}.Release|x64.ActiveCfg = Release|Any CPU
		{A4892556-434C-4DBB-92F6-537048939764}.Release|x64.Build.0 = Release|Any CPU
		{A4892556-434C-4DBB-92F6-537048939764}.Release|x86.ActiveCfg = Release|Any CPU
		{A4892556-434C-4DBB-92F6-537048939764}.Release|x86.Build.0 = Release|Any CPU
		{6F769098-CF49-45AD-96A9-916ED313CCB0}.Debug|Any CPU.ActiveCfg = Debug|Any CPU
		{6F769098-CF49-45AD-96A9-916ED313CCB0}.Debug|Any CPU.Build.0 = Debug|Any CPU
		{6F769098-CF49-45AD-96A9-916ED313CCB0}.Debug|x64.ActiveCfg = Debug|Any CPU
		{6F769098-CF49-45AD-96A9-916ED313CCB0}.Debug|x64.Build.0 = Debug|Any CPU
		{6F769098-CF49-45AD-96A9-916ED313CCB0}.Debug|x86.ActiveCfg = Debug|Any CPU
		{6F769098-CF49-45AD-96A9-916ED313CCB0}.Debug|x86.Build.0 = Debug|Any CPU
		{6F769098-CF49-45AD-96A9-916ED313CCB0}.Release|Any CPU.ActiveCfg = Release|Any CPU
		{6F769098-CF49-45AD-96A9-916ED313CCB0}.Release|Any CPU.Build.0 = Release|Any CPU
		{6F769098-CF49-45AD-96A9-916ED313CCB0}.Release|x64.ActiveCfg = Release|Any CPU
		{6F769098-CF49-45AD-96A9-916ED313CCB0}.Release|x64.Build.0 = Release|Any CPU
		{6F769098-CF49-45AD-96A9-916ED313CCB0}.Release|x86.ActiveCfg = Release|Any CPU
		{6F769098-CF49-45AD-96A9-916ED313CCB0}.Release|x86.Build.0 = Release|Any CPU
		{09938B60-A050-42AD-8854-273FE62E052F}.Debug|Any CPU.ActiveCfg = Debug|Any CPU
		{09938B60-A050-42AD-8854-273FE62E052F}.Debug|Any CPU.Build.0 = Debug|Any CPU
		{09938B60-A050-42AD-8854-273FE62E052F}.Debug|x64.ActiveCfg = Debug|Any CPU
		{09938B60-A050-42AD-8854-273FE62E052F}.Debug|x64.Build.0 = Debug|Any CPU
		{09938B60-A050-42AD-8854-273FE62E052F}.Debug|x86.ActiveCfg = Debug|Any CPU
		{09938B60-A050-42AD-8854-273FE62E052F}.Debug|x86.Build.0 = Debug|Any CPU
		{09938B60-A050-42AD-8854-273FE62E052F}.Release|Any CPU.ActiveCfg = Release|Any CPU
		{09938B60-A050-42AD-8854-273FE62E052F}.Release|Any CPU.Build.0 = Release|Any CPU
		{09938B60-A050-42AD-8854-273FE62E052F}.Release|x64.ActiveCfg = Release|Any CPU
		{09938B60-A050-42AD-8854-273FE62E052F}.Release|x64.Build.0 = Release|Any CPU
		{09938B60-A050-42AD-8854-273FE62E052F}.Release|x86.ActiveCfg = Release|Any CPU
		{09938B60-A050-42AD-8854-273FE62E052F}.Release|x86.Build.0 = Release|Any CPU
		{2A4C893E-61CB-4377-AEDE-30D49C73762C}.Debug|Any CPU.ActiveCfg = Debug|Any CPU
		{2A4C893E-61CB-4377-AEDE-30D49C73762C}.Debug|Any CPU.Build.0 = Debug|Any CPU
		{2A4C893E-61CB-4377-AEDE-30D49C73762C}.Debug|x64.ActiveCfg = Debug|Any CPU
		{2A4C893E-61CB-4377-AEDE-30D49C73762C}.Debug|x64.Build.0 = Debug|Any CPU
		{2A4C893E-61CB-4377-AEDE-30D49C73762C}.Debug|x86.ActiveCfg = Debug|Any CPU
		{2A4C893E-61CB-4377-AEDE-30D49C73762C}.Debug|x86.Build.0 = Debug|Any CPU
		{2A4C893E-61CB-4377-AEDE-30D49C73762C}.Release|Any CPU.ActiveCfg = Release|Any CPU
		{2A4C893E-61CB-4377-AEDE-30D49C73762C}.Release|Any CPU.Build.0 = Release|Any CPU
		{2A4C893E-61CB-4377-AEDE-30D49C73762C}.Release|x64.ActiveCfg = Release|Any CPU
		{2A4C893E-61CB-4377-AEDE-30D49C73762C}.Release|x64.Build.0 = Release|Any CPU
		{2A4C893E-61CB-4377-AEDE-30D49C73762C}.Release|x86.ActiveCfg = Release|Any CPU
		{2A4C893E-61CB-4377-AEDE-30D49C73762C}.Release|x86.Build.0 = Release|Any CPU
	EndGlobalSection
	GlobalSection(SolutionProperties) = preSolution
		HideSolutionNode = FALSE
	EndGlobalSection
	GlobalSection(NestedProjects) = preSolution
		{D34EE955-5DFA-4700-A111-E958CB704FB6} = {1AE8ACA6-933B-BF2A-3671-3E2EAC007D16}
		{AAB38CE9-63B6-4161-855B-5595B514942C} = {1AE8ACA6-933B-BF2A-3671-3E2EAC007D16}
		{A4892556-434C-4DBB-92F6-537048939764} = {1AE8ACA6-933B-BF2A-3671-3E2EAC007D16}
		{6F769098-CF49-45AD-96A9-916ED313CCB0} = {1AE8ACA6-933B-BF2A-3671-3E2EAC007D16}
		{09938B60-A050-42AD-8854-273FE62E052F} = {1AE8ACA6-933B-BF2A-3671-3E2EAC007D16}
		{2A4C893E-61CB-4377-AEDE-30D49C73762C} = {0AB3BF05-4346-4AA6-1389-037BE0695223}
	EndGlobalSection
EndGlobal
